
Microsoft Visual Studio Solution File, Format Version 12.00
# Visual Studio Version 16
VisualStudioVersion = 16.0.30413.136
MinimumVisualStudioVersion = 10.0.40219.1
Project("{FAE04EC0-301F-11D3-BF4B-00C04F79EFBC}") = "ProyectoIDE", "ProyectoIDE.csproj", "{43ED8607-153A-42D7-9F32-9985121B1828}"
EndProject
Global
	GlobalSection(SolutionConfigurationPlatforms) = preSolution
		Debug|Any CPU = Debug|Any CPU
		Release|Any CPU = Release|Any CPU
	EndGlobalSection
	GlobalSection(ProjectConfigurationPlatforms) = postSolution
		{43ED8607-153A-42D7-9F32-9985121B1828}.Debug|Any CPU.ActiveCfg = Debug|Any CPU
		{43ED8607-153A-42D7-9F32-9985121B1828}.Debug|Any CPU.Build.0 = Debug|Any CPU
		{43ED8607-153A-42D7-9F32-9985121B1828}.Release|Any CPU.ActiveCfg = Release|Any CPU
		{43ED8607-153A-42D7-9F32-9985121B1828}.Release|Any CPU.Build.0 = Release|Any CPU
	EndGlobalSection
	GlobalSection(SolutionProperties) = preSolution
		HideSolutionNode = FALSE
	EndGlobalSection
	GlobalSection(ExtensibilityGlobals) = postSolution
		SolutionGuid = {2CB6A481-4A02-42F9-A573-110B026041C8}
	EndGlobalSection
EndGlobal
